
Microsoft Visual Studio Solution File, Format Version 12.00
# Visual Studio 15
VisualStudioVersion = 15.0.27703.2018
MinimumVisualStudioVersion = 10.0.40219.1
Project("{FAE04EC0-301F-11D3-BF4B-00C04F79EFBC}") = "UsingTask.Library", "UsingTask.Library\UsingTask.Library.csproj", "{ABC241BA-6178-4BA1-B34D-A54EFF9627ED}"
EndProject
Project("{FAE04EC0-301F-11D3-BF4B-00C04F79EFBC}") = "UsingTask.UI", "UsingTask.UI\UsingTask.UI.csproj", "{BD69FC9C-24CC-4223-8387-8F3B7C348E27}"
EndProject
Global
	GlobalSection(SolutionConfigurationPlatforms) = preSolution
		Debug|Any CPU = Debug|Any CPU
		Release|Any CPU = Release|Any CPU
	EndGlobalSection
	GlobalSection(ProjectConfigurationPlatforms) = postSolution
		{ABC241BA-6178-4BA1-B34D-A54EFF9627ED}.Debug|Any CPU.ActiveCfg = Debug|Any CPU
		{ABC241BA-6178-4BA1-B34D-A54EFF9627ED}.Debug|Any CPU.Build.0 = Debug|Any CPU
		{ABC241BA-6178-4BA1-B34D-A54EFF9627ED}.Release|Any CPU.ActiveCfg = Release|Any CPU
		{ABC241BA-6178-4BA1-B34D-A54EFF9627ED}.Release|Any CPU.Build.0 = Release|Any CPU
		{BD69FC9C-24CC-4223-8387-8F3B7C348E27}.Debug|Any CPU.ActiveCfg = Debug|Any CPU
		{BD69FC9C-24CC-4223-8387-8F3B7C348E27}.Debug|Any CPU.Build.0 = Debug|Any CPU
		{BD69FC9C-24CC-4223-8387-8F3B7C348E27}.Release|Any CPU.ActiveCfg = Release|Any CPU
		{BD69FC9C-24CC-4223-8387-8F3B7C348E27}.Release|Any CPU.Build.0 = Release|Any CPU
	EndGlobalSection
	GlobalSection(SolutionProperties) = preSolution
		HideSolutionNode = FALSE
	EndGlobalSection
	GlobalSection(ExtensibilityGlobals) = postSolution
		SolutionGuid = {CEAB439E-D3A8-4B1B-AE94-09B04890CB66}
	EndGlobalSection
EndGlobal
