
Microsoft Visual Studio Solution File, Format Version 12.00
# Visual Studio 15
VisualStudioVersion = 15.0.26730.16
MinimumVisualStudioVersion = 10.0.40219.1
Project("{FAE04EC0-301F-11D3-BF4B-00C04F79EFBC}") = "Server", "Server\Server.csproj", "{B980CAC8-336D-4D96-BEB1-75DCD9E172F3}"
EndProject
Project("{FAE04EC0-301F-11D3-BF4B-00C04F79EFBC}") = "WpfClient", "WpfClient\WpfClient.csproj", "{C8205AA2-01C7-4BDD-BCAE-655A04E1ADAC}"
EndProject
Project("{FAE04EC0-301F-11D3-BF4B-00C04F79EFBC}") = "Common", "Common\Common.csproj", "{BE5C4EAE-8544-4698-917A-4BA6F2A37DFC}"
EndProject
Global
	GlobalSection(SolutionConfigurationPlatforms) = preSolution
		Debug|Any CPU = Debug|Any CPU
		Release|Any CPU = Release|Any CPU
	EndGlobalSection
	GlobalSection(ProjectConfigurationPlatforms) = postSolution
		{B980CAC8-336D-4D96-BEB1-75DCD9E172F3}.Debug|Any CPU.ActiveCfg = Debug|Any CPU
		{B980CAC8-336D-4D96-BEB1-75DCD9E172F3}.Debug|Any CPU.Build.0 = Debug|Any CPU
		{B980CAC8-336D-4D96-BEB1-75DCD9E172F3}.Release|Any CPU.ActiveCfg = Release|Any CPU
		{B980CAC8-336D-4D96-BEB1-75DCD9E172F3}.Release|Any CPU.Build.0 = Release|Any CPU
		{C8205AA2-01C7-4BDD-BCAE-655A04E1ADAC}.Debug|Any CPU.ActiveCfg = Debug|Any CPU
		{C8205AA2-01C7-4BDD-BCAE-655A04E1ADAC}.Debug|Any CPU.Build.0 = Debug|Any CPU
		{C8205AA2-01C7-4BDD-BCAE-655A04E1ADAC}.Release|Any CPU.ActiveCfg = Release|Any CPU
		{C8205AA2-01C7-4BDD-BCAE-655A04E1ADAC}.Release|Any CPU.Build.0 = Release|Any CPU
		{BE5C4EAE-8544-4698-917A-4BA6F2A37DFC}.Debug|Any CPU.ActiveCfg = Debug|Any CPU
		{BE5C4EAE-8544-4698-917A-4BA6F2A37DFC}.Debug|Any CPU.Build.0 = Debug|Any CPU
		{BE5C4EAE-8544-4698-917A-4BA6F2A37DFC}.Release|Any CPU.ActiveCfg = Release|Any CPU
		{BE5C4EAE-8544-4698-917A-4BA6F2A37DFC}.Release|Any CPU.Build.0 = Release|Any CPU
	EndGlobalSection
	GlobalSection(SolutionProperties) = preSolution
		HideSolutionNode = FALSE
	EndGlobalSection
	GlobalSection(ExtensibilityGlobals) = postSolution
		SolutionGuid = {6B0AA1DF-A86F-4A1E-80BA-1B67DEA13175}
	EndGlobalSection
EndGlobal
